
Microsoft Visual Studio Solution File, Format Version 12.00
# Visual Studio Version 17
VisualStudioVersion = 17.7.34009.444
MinimumVisualStudioVersion = 10.0.40219.1
Project("{FAE04EC0-301F-11D3-BF4B-00C04F79EFBC}") = "Proyecto_Examen", "Proyecto_Examen.csproj", "{2127BC98-13A0-4346-A405-9FC8785C4407}"
EndProject
Project("{FAE04EC0-301F-11D3-BF4B-00C04F79EFBC}") = "BibliotecaDeClasess", "..\BibliotecaDeClasess\BibliotecaDeClasess.csproj", "{2DA1044B-7BE5-4991-A35D-15A25D37C715}"
EndProject
Global
	GlobalSection(SolutionConfigurationPlatforms) = preSolution
		Debug|Any CPU = Debug|Any CPU
		Release|Any CPU = Release|Any CPU
	EndGlobalSection
	GlobalSection(ProjectConfigurationPlatforms) = postSolution
		{2127BC98-13A0-4346-A405-9FC8785C4407}.Debug|Any CPU.ActiveCfg = Debug|Any CPU
		{2127BC98-13A0-4346-A405-9FC8785C4407}.Debug|Any CPU.Build.0 = Debug|Any CPU
		{2127BC98-13A0-4346-A405-9FC8785C4407}.Release|Any CPU.ActiveCfg = Release|Any CPU
		{2127BC98-13A0-4346-A405-9FC8785C4407}.Release|Any CPU.Build.0 = Release|Any CPU
		{2DA1044B-7BE5-4991-A35D-15A25D37C715}.Debug|Any CPU.ActiveCfg = Debug|Any CPU
		{2DA1044B-7BE5-4991-A35D-15A25D37C715}.Debug|Any CPU.Build.0 = Debug|Any CPU
		{2DA1044B-7BE5-4991-A35D-15A25D37C715}.Release|Any CPU.ActiveCfg = Release|Any CPU
		{2DA1044B-7BE5-4991-A35D-15A25D37C715}.Release|Any CPU.Build.0 = Release|Any CPU
	EndGlobalSection
	GlobalSection(SolutionProperties) = preSolution
		HideSolutionNode = FALSE
	EndGlobalSection
	GlobalSection(ExtensibilityGlobals) = postSolution
		SolutionGuid = {359EF7DF-6654-46D4-9821-F190B4A97BBA}
	EndGlobalSection
EndGlobal
